
Microsoft Visual Studio Solution File, Format Version 12.00
# Visual Studio 2013
VisualStudioVersion = 12.0.21005.1
MinimumVisualStudioVersion = 10.0.40219.1
Project("{9092AA53-FB77-4645-B42D-1CCCA6BD08BD}") = "2.Shapes", "2.Shapes\2.Shapes.njsproj", "{D6245A9E-35A3-4F75-BA24-A4B5A64EAB04}"
EndProject
Project("{9092AA53-FB77-4645-B42D-1CCCA6BD08BD}") = "2.GeometricShapes", "2.GeometricShapes\2.GeometricShapes.njsproj", "{1B21883C-F91B-448E-ADCD-6273FE3846BC}"
EndProject
Global
	GlobalSection(SolutionConfigurationPlatforms) = preSolution
		Debug|Any CPU = Debug|Any CPU
		Release|Any CPU = Release|Any CPU
	EndGlobalSection
	GlobalSection(ProjectConfigurationPlatforms) = postSolution
		{D6245A9E-35A3-4F75-BA24-A4B5A64EAB04}.Debug|Any CPU.ActiveCfg = Debug|Any CPU
		{D6245A9E-35A3-4F75-BA24-A4B5A64EAB04}.Debug|Any CPU.Build.0 = Debug|Any CPU
		{D6245A9E-35A3-4F75-BA24-A4B5A64EAB04}.Release|Any CPU.ActiveCfg = Release|Any CPU
		{D6245A9E-35A3-4F75-BA24-A4B5A64EAB04}.Release|Any CPU.Build.0 = Release|Any CPU
		{1B21883C-F91B-448E-ADCD-6273FE3846BC}.Debug|Any CPU.ActiveCfg = Debug|Any CPU
		{1B21883C-F91B-448E-ADCD-6273FE3846BC}.Debug|Any CPU.Build.0 = Debug|Any CPU
		{1B21883C-F91B-448E-ADCD-6273FE3846BC}.Release|Any CPU.ActiveCfg = Release|Any CPU
		{1B21883C-F91B-448E-ADCD-6273FE3846BC}.Release|Any CPU.Build.0 = Release|Any CPU
	EndGlobalSection
	GlobalSection(SolutionProperties) = preSolution
		HideSolutionNode = FALSE
	EndGlobalSection
EndGlobal
